
Microsoft Visual Studio Solution File, Format Version 12.00
# Visual Studio Version 17
VisualStudioVersion = 17.2.32616.157
MinimumVisualStudioVersion = 10.0.40219.1
Project("{FAE04EC0-301F-11D3-BF4B-00C04F79EFBC}") = "CS_Employee", "CS_Employee\CS_Employee.csproj", "{F62434CC-181F-4A94-B0D6-D95EF98DBDC5}"
EndProject
Project("{FAE04EC0-301F-11D3-BF4B-00C04F79EFBC}") = "CS_Employee_Extended", "CS_Employee_Extended\CS_Employee_Extended.csproj", "{E25CD420-DAC0-490E-A810-4785E0074CA1}"
EndProject
Global
	GlobalSection(SolutionConfigurationPlatforms) = preSolution
		Debug|Any CPU = Debug|Any CPU
		Release|Any CPU = Release|Any CPU
	EndGlobalSection
	GlobalSection(ProjectConfigurationPlatforms) = postSolution
		{F62434CC-181F-4A94-B0D6-D95EF98DBDC5}.Debug|Any CPU.ActiveCfg = Debug|Any CPU
		{F62434CC-181F-4A94-B0D6-D95EF98DBDC5}.Debug|Any CPU.Build.0 = Debug|Any CPU
		{F62434CC-181F-4A94-B0D6-D95EF98DBDC5}.Release|Any CPU.ActiveCfg = Release|Any CPU
		{F62434CC-181F-4A94-B0D6-D95EF98DBDC5}.Release|Any CPU.Build.0 = Release|Any CPU
		{E25CD420-DAC0-490E-A810-4785E0074CA1}.Debug|Any CPU.ActiveCfg = Debug|Any CPU
		{E25CD420-DAC0-490E-A810-4785E0074CA1}.Debug|Any CPU.Build.0 = Debug|Any CPU
		{E25CD420-DAC0-490E-A810-4785E0074CA1}.Release|Any CPU.ActiveCfg = Release|Any CPU
		{E25CD420-DAC0-490E-A810-4785E0074CA1}.Release|Any CPU.Build.0 = Release|Any CPU
	EndGlobalSection
	GlobalSection(SolutionProperties) = preSolution
		HideSolutionNode = FALSE
	EndGlobalSection
	GlobalSection(ExtensibilityGlobals) = postSolution
		SolutionGuid = {38939659-150C-46F3-ADC9-63ED36D7770F}
	EndGlobalSection
EndGlobal
